
Microsoft Visual Studio Solution File, Format Version 12.00
# Visual Studio 14
VisualStudioVersion = 14.0.24720.0
MinimumVisualStudioVersion = 10.0.40219.1
Project("{FAE04EC0-301F-11D3-BF4B-00C04F79EFBC}") = "Problem01", "Problem01\Problem01.csproj", "{5EDB6C0D-9DB8-44B3-9534-5F087A609AB1}"
EndProject
Project("{FAE04EC0-301F-11D3-BF4B-00C04F79EFBC}") = "ReverseArray", "ReverseArray\ReverseArray.csproj", "{7A8C7107-5A4B-4869-9B49-75FB972F1106}"
EndProject
Project("{FAE04EC0-301F-11D3-BF4B-00C04F79EFBC}") = "SumMinMaxFirstLastAv", "SumMinMaxFirstLastAv\SumMinMaxFirstLastAv.csproj", "{E1F7C9B7-8953-4075-B0DA-CF048B59A0AA}"
EndProject
Project("{FAE04EC0-301F-11D3-BF4B-00C04F79EFBC}") = "LastKNumbers", "LastKNumbers\LastKNumbers.csproj", "{CDA36B5B-93D4-43FF-9B0A-F5B97CEEE3E3}"
EndProject
Project("{FAE04EC0-301F-11D3-BF4B-00C04F79EFBC}") = "TripleSum", "TripleSum\TripleSum.csproj", "{14D05F11-5774-4011-9E10-B2A6AAE94230}"
EndProject
Project("{FAE04EC0-301F-11D3-BF4B-00C04F79EFBC}") = "RoundingNumbers", "RoundingNumbers\RoundingNumbers.csproj", "{75CE328C-3F00-4376-A3CA-74EA08C589D8}"
EndProject
Project("{FAE04EC0-301F-11D3-BF4B-00C04F79EFBC}") = "ReverseStringArray", "ReverseStringArray\ReverseStringArray.csproj", "{CFF9174E-2FF3-4AF5-A4AB-34F8F7A20D4C}"
EndProject
Project("{FAE04EC0-301F-11D3-BF4B-00C04F79EFBC}") = "SumArrays", "SumArrays\SumArrays.csproj", "{D9CCEAFF-35A2-4A5B-8DEC-EDFC8D10E2FE}"
EndProject
Project("{FAE04EC0-301F-11D3-BF4B-00C04F79EFBC}") = "CondenseArraytoNumber", "CondenseArraytoNumber\CondenseArraytoNumber.csproj", "{95AF9017-2F16-4380-B82F-C0B5F3D07911}"
EndProject
Project("{FAE04EC0-301F-11D3-BF4B-00C04F79EFBC}") = "ExtractMiddleElements", "ExtractMiddleElements\ExtractMiddleElements.csproj", "{CB7528BA-297C-450D-A458-6020EFB046F5}"
EndProject
Global
	GlobalSection(SolutionConfigurationPlatforms) = preSolution
		Debug|Any CPU = Debug|Any CPU
		Release|Any CPU = Release|Any CPU
	EndGlobalSection
	GlobalSection(ProjectConfigurationPlatforms) = postSolution
		{5EDB6C0D-9DB8-44B3-9534-5F087A609AB1}.Debug|Any CPU.ActiveCfg = Debug|Any CPU
		{5EDB6C0D-9DB8-44B3-9534-5F087A609AB1}.Debug|Any CPU.Build.0 = Debug|Any CPU
		{5EDB6C0D-9DB8-44B3-9534-5F087A609AB1}.Release|Any CPU.ActiveCfg = Release|Any CPU
		{5EDB6C0D-9DB8-44B3-9534-5F087A609AB1}.Release|Any CPU.Build.0 = Release|Any CPU
		{7A8C7107-5A4B-4869-9B49-75FB972F1106}.Debug|Any CPU.ActiveCfg = Debug|Any CPU
		{7A8C7107-5A4B-4869-9B49-75FB972F1106}.Debug|Any CPU.Build.0 = Debug|Any CPU
		{7A8C7107-5A4B-4869-9B49-75FB972F1106}.Release|Any CPU.ActiveCfg = Release|Any CPU
		{7A8C7107-5A4B-4869-9B49-75FB972F1106}.Release|Any CPU.Build.0 = Release|Any CPU
		{E1F7C9B7-8953-4075-B0DA-CF048B59A0AA}.Debug|Any CPU.ActiveCfg = Debug|Any CPU
		{E1F7C9B7-8953-4075-B0DA-CF048B59A0AA}.Debug|Any CPU.Build.0 = Debug|Any CPU
		{E1F7C9B7-8953-4075-B0DA-CF048B59A0AA}.Release|Any CPU.ActiveCfg = Release|Any CPU
		{E1F7C9B7-8953-4075-B0DA-CF048B59A0AA}.Release|Any CPU.Build.0 = Release|Any CPU
		{CDA36B5B-93D4-43FF-9B0A-F5B97CEEE3E3}.Debug|Any CPU.ActiveCfg = Debug|Any CPU
		{CDA36B5B-93D4-43FF-9B0A-F5B97CEEE3E3}.Debug|Any CPU.Build.0 = Debug|Any CPU
		{CDA36B5B-93D4-43FF-9B0A-F5B97CEEE3E3}.Release|Any CPU.ActiveCfg = Release|Any CPU
		{CDA36B5B-93D4-43FF-9B0A-F5B97CEEE3E3}.Release|Any CPU.Build.0 = Release|Any CPU
		{14D05F11-5774-4011-9E10-B2A6AAE94230}.Debug|Any CPU.ActiveCfg = Debug|Any CPU
		{14D05F11-5774-4011-9E10-B2A6AAE94230}.Debug|Any CPU.Build.0 = Debug|Any CPU
		{14D05F11-5774-4011-9E10-B2A6AAE94230}.Release|Any CPU.ActiveCfg = Release|Any CPU
		{14D05F11-5774-4011-9E10-B2A6AAE94230}.Release|Any CPU.Build.0 = Release|Any CPU
		{75CE328C-3F00-4376-A3CA-74EA08C589D8}.Debug|Any CPU.ActiveCfg = Debug|Any CPU
		{75CE328C-3F00-4376-A3CA-74EA08C589D8}.Debug|Any CPU.Build.0 = Debug|Any CPU
		{75CE328C-3F00-4376-A3CA-74EA08C589D8}.Release|Any CPU.ActiveCfg = Release|Any CPU
		{75CE328C-3F00-4376-A3CA-74EA08C589D8}.Release|Any CPU.Build.0 = Release|Any CPU
		{CFF9174E-2FF3-4AF5-A4AB-34F8F7A20D4C}.Debug|Any CPU.ActiveCfg = Debug|Any CPU
		{CFF9174E-2FF3-4AF5-A4AB-34F8F7A20D4C}.Debug|Any CPU.Build.0 = Debug|Any CPU
		{CFF9174E-2FF3-4AF5-A4AB-34F8F7A20D4C}.Release|Any CPU.ActiveCfg = Release|Any CPU
		{CFF9174E-2FF3-4AF5-A4AB-34F8F7A20D4C}.Release|Any CPU.Build.0 = Release|Any CPU
		{D9CCEAFF-35A2-4A5B-8DEC-EDFC8D10E2FE}.Debug|Any CPU.ActiveCfg = Debug|Any CPU
		{D9CCEAFF-35A2-4A5B-8DEC-EDFC8D10E2FE}.Debug|Any CPU.Build.0 = Debug|Any CPU
		{D9CCEAFF-35A2-4A5B-8DEC-EDFC8D10E2FE}.Release|Any CPU.ActiveCfg = Release|Any CPU
		{D9CCEAFF-35A2-4A5B-8DEC-EDFC8D10E2FE}.Release|Any CPU.Build.0 = Release|Any CPU
		{95AF9017-2F16-4380-B82F-C0B5F3D07911}.Debug|Any CPU.ActiveCfg = Debug|Any CPU
		{95AF9017-2F16-4380-B82F-C0B5F3D07911}.Debug|Any CPU.Build.0 = Debug|Any CPU
		{95AF9017-2F16-4380-B82F-C0B5F3D07911}.Release|Any CPU.ActiveCfg = Release|Any CPU
		{95AF9017-2F16-4380-B82F-C0B5F3D07911}.Release|Any CPU.Build.0 = Release|Any CPU
		{CB7528BA-297C-450D-A458-6020EFB046F5}.Debug|Any CPU.ActiveCfg = Debug|Any CPU
		{CB7528BA-297C-450D-A458-6020EFB046F5}.Debug|Any CPU.Build.0 = Debug|Any CPU
		{CB7528BA-297C-450D-A458-6020EFB046F5}.Release|Any CPU.ActiveCfg = Release|Any CPU
		{CB7528BA-297C-450D-A458-6020EFB046F5}.Release|Any CPU.Build.0 = Release|Any CPU
	EndGlobalSection
	GlobalSection(SolutionProperties) = preSolution
		HideSolutionNode = FALSE
	EndGlobalSection
EndGlobal
