
Microsoft Visual Studio Solution File, Format Version 12.00
# Visual Studio 14
VisualStudioVersion = 14.0.24720.0
MinimumVisualStudioVersion = 10.0.40219.1
Project("{FAE04EC0-301F-11D3-BF4B-00C04F79EFBC}") = "DelegatesAndEventsExercises", "DelegatesAndEventsExercises\DelegatesAndEventsExercises.csproj", "{425E4295-1247-4217-834A-99C8EA07D79E}"
EndProject
Project("{FAE04EC0-301F-11D3-BF4B-00C04F79EFBC}") = "Func", "Func\Func.csproj", "{6DEA8C99-8498-4AE4-B5B8-045CCAE52818}"
EndProject
Project("{FAE04EC0-301F-11D3-BF4B-00C04F79EFBC}") = "Action", "Action\Action.csproj", "{3FADBA14-A360-4F76-9ED8-355523A9315B}"
EndProject
Global
	GlobalSection(SolutionConfigurationPlatforms) = preSolution
		Debug|Any CPU = Debug|Any CPU
		Release|Any CPU = Release|Any CPU
	EndGlobalSection
	GlobalSection(ProjectConfigurationPlatforms) = postSolution
		{425E4295-1247-4217-834A-99C8EA07D79E}.Debug|Any CPU.ActiveCfg = Debug|Any CPU
		{425E4295-1247-4217-834A-99C8EA07D79E}.Debug|Any CPU.Build.0 = Debug|Any CPU
		{425E4295-1247-4217-834A-99C8EA07D79E}.Release|Any CPU.ActiveCfg = Release|Any CPU
		{425E4295-1247-4217-834A-99C8EA07D79E}.Release|Any CPU.Build.0 = Release|Any CPU
		{6DEA8C99-8498-4AE4-B5B8-045CCAE52818}.Debug|Any CPU.ActiveCfg = Debug|Any CPU
		{6DEA8C99-8498-4AE4-B5B8-045CCAE52818}.Debug|Any CPU.Build.0 = Debug|Any CPU
		{6DEA8C99-8498-4AE4-B5B8-045CCAE52818}.Release|Any CPU.ActiveCfg = Release|Any CPU
		{6DEA8C99-8498-4AE4-B5B8-045CCAE52818}.Release|Any CPU.Build.0 = Release|Any CPU
		{3FADBA14-A360-4F76-9ED8-355523A9315B}.Debug|Any CPU.ActiveCfg = Debug|Any CPU
		{3FADBA14-A360-4F76-9ED8-355523A9315B}.Debug|Any CPU.Build.0 = Debug|Any CPU
		{3FADBA14-A360-4F76-9ED8-355523A9315B}.Release|Any CPU.ActiveCfg = Release|Any CPU
		{3FADBA14-A360-4F76-9ED8-355523A9315B}.Release|Any CPU.Build.0 = Release|Any CPU
	EndGlobalSection
	GlobalSection(SolutionProperties) = preSolution
		HideSolutionNode = FALSE
	EndGlobalSection
EndGlobal
