
Microsoft Visual Studio Solution File, Format Version 12.00
# Visual Studio 2013
VisualStudioVersion = 12.0.31101.0
MinimumVisualStudioVersion = 10.0.40219.1
Project("{FAE04EC0-301F-11D3-BF4B-00C04F79EFBC}") = "1. Pyramid", "1. Pyramid\1. Pyramid.csproj", "{3B2266C3-4E9B-4186-8952-49FDD375D99E}"
EndProject
Project("{FAE04EC0-301F-11D3-BF4B-00C04F79EFBC}") = "2. UppercaseWords", "2. UppercaseWords\2. UppercaseWords.csproj", "{5942BFF7-65DC-4DDA-B4AB-135804621227}"
EndProject
Project("{FAE04EC0-301F-11D3-BF4B-00C04F79EFBC}") = "3. TextGravity", "3. TextGravity\3. TextGravity.csproj", "{F5D10CB5-536C-4E9B-A110-7E43CB0F84CD}"
EndProject
Project("{FAE04EC0-301F-11D3-BF4B-00C04F79EFBC}") = "4. VladkosNotebook", "4. VladkosNotebook\4. VladkosNotebook.csproj", "{2C1F172B-86EA-481C-B317-5F02C25F3200}"
EndProject
Global
	GlobalSection(SolutionConfigurationPlatforms) = preSolution
		Debug|Any CPU = Debug|Any CPU
		Release|Any CPU = Release|Any CPU
	EndGlobalSection
	GlobalSection(ProjectConfigurationPlatforms) = postSolution
		{3B2266C3-4E9B-4186-8952-49FDD375D99E}.Debug|Any CPU.ActiveCfg = Debug|Any CPU
		{3B2266C3-4E9B-4186-8952-49FDD375D99E}.Debug|Any CPU.Build.0 = Debug|Any CPU
		{3B2266C3-4E9B-4186-8952-49FDD375D99E}.Release|Any CPU.ActiveCfg = Release|Any CPU
		{3B2266C3-4E9B-4186-8952-49FDD375D99E}.Release|Any CPU.Build.0 = Release|Any CPU
		{5942BFF7-65DC-4DDA-B4AB-135804621227}.Debug|Any CPU.ActiveCfg = Debug|Any CPU
		{5942BFF7-65DC-4DDA-B4AB-135804621227}.Debug|Any CPU.Build.0 = Debug|Any CPU
		{5942BFF7-65DC-4DDA-B4AB-135804621227}.Release|Any CPU.ActiveCfg = Release|Any CPU
		{5942BFF7-65DC-4DDA-B4AB-135804621227}.Release|Any CPU.Build.0 = Release|Any CPU
		{F5D10CB5-536C-4E9B-A110-7E43CB0F84CD}.Debug|Any CPU.ActiveCfg = Debug|Any CPU
		{F5D10CB5-536C-4E9B-A110-7E43CB0F84CD}.Debug|Any CPU.Build.0 = Debug|Any CPU
		{F5D10CB5-536C-4E9B-A110-7E43CB0F84CD}.Release|Any CPU.ActiveCfg = Release|Any CPU
		{F5D10CB5-536C-4E9B-A110-7E43CB0F84CD}.Release|Any CPU.Build.0 = Release|Any CPU
		{2C1F172B-86EA-481C-B317-5F02C25F3200}.Debug|Any CPU.ActiveCfg = Debug|Any CPU
		{2C1F172B-86EA-481C-B317-5F02C25F3200}.Debug|Any CPU.Build.0 = Debug|Any CPU
		{2C1F172B-86EA-481C-B317-5F02C25F3200}.Release|Any CPU.ActiveCfg = Release|Any CPU
		{2C1F172B-86EA-481C-B317-5F02C25F3200}.Release|Any CPU.Build.0 = Release|Any CPU
	EndGlobalSection
	GlobalSection(SolutionProperties) = preSolution
		HideSolutionNode = FALSE
	EndGlobalSection
EndGlobal
