
Microsoft Visual Studio Solution File, Format Version 12.00
# Visual Studio 2013
VisualStudioVersion = 12.0.31101.0
MinimumVisualStudioVersion = 10.0.40219.1
Project("{FAE04EC0-301F-11D3-BF4B-00C04F79EFBC}") = "Persons", "Persons\Persons.csproj", "{C272032B-F855-40B1-AFBF-412D575A430E}"
EndProject
Project("{FAE04EC0-301F-11D3-BF4B-00C04F79EFBC}") = "LaptopShop", "LaptopShop\LaptopShop.csproj", "{633C5859-0C55-4743-BF7C-E6B954E6835A}"
EndProject
Global
	GlobalSection(SolutionConfigurationPlatforms) = preSolution
		Debug|Any CPU = Debug|Any CPU
		Release|Any CPU = Release|Any CPU
	EndGlobalSection
	GlobalSection(ProjectConfigurationPlatforms) = postSolution
		{C272032B-F855-40B1-AFBF-412D575A430E}.Debug|Any CPU.ActiveCfg = Debug|Any CPU
		{C272032B-F855-40B1-AFBF-412D575A430E}.Debug|Any CPU.Build.0 = Debug|Any CPU
		{C272032B-F855-40B1-AFBF-412D575A430E}.Release|Any CPU.ActiveCfg = Release|Any CPU
		{C272032B-F855-40B1-AFBF-412D575A430E}.Release|Any CPU.Build.0 = Release|Any CPU
		{633C5859-0C55-4743-BF7C-E6B954E6835A}.Debug|Any CPU.ActiveCfg = Debug|Any CPU
		{633C5859-0C55-4743-BF7C-E6B954E6835A}.Debug|Any CPU.Build.0 = Debug|Any CPU
		{633C5859-0C55-4743-BF7C-E6B954E6835A}.Release|Any CPU.ActiveCfg = Release|Any CPU
		{633C5859-0C55-4743-BF7C-E6B954E6835A}.Release|Any CPU.Build.0 = Release|Any CPU
	EndGlobalSection
	GlobalSection(SolutionProperties) = preSolution
		HideSolutionNode = FALSE
	EndGlobalSection
EndGlobal
