
Microsoft Visual Studio Solution File, Format Version 12.00
# Visual Studio 14
VisualStudioVersion = 14.0.24720.0
MinimumVisualStudioVersion = 10.0.40219.1
Project("{FAE04EC0-301F-11D3-BF4B-00C04F79EFBC}") = "Excercies", "Excercies\Excercies.csproj", "{5A3C7CD4-3AC0-4B75-BADE-1E6827607DBF}"
EndProject
Project("{FAE04EC0-301F-11D3-BF4B-00C04F79EFBC}") = "UpperCaseCharsAtEvenPos", "UpperCaseCharsAtEvenPos\UpperCaseCharsAtEvenPos.csproj", "{C3B26D6C-60A3-40A8-B8EB-BA3F602C2DEF}"
EndProject
Global
	GlobalSection(SolutionConfigurationPlatforms) = preSolution
		Debug|Any CPU = Debug|Any CPU
		Release|Any CPU = Release|Any CPU
	EndGlobalSection
	GlobalSection(ProjectConfigurationPlatforms) = postSolution
		{5A3C7CD4-3AC0-4B75-BADE-1E6827607DBF}.Debug|Any CPU.ActiveCfg = Debug|Any CPU
		{5A3C7CD4-3AC0-4B75-BADE-1E6827607DBF}.Debug|Any CPU.Build.0 = Debug|Any CPU
		{5A3C7CD4-3AC0-4B75-BADE-1E6827607DBF}.Release|Any CPU.ActiveCfg = Release|Any CPU
		{5A3C7CD4-3AC0-4B75-BADE-1E6827607DBF}.Release|Any CPU.Build.0 = Release|Any CPU
		{C3B26D6C-60A3-40A8-B8EB-BA3F602C2DEF}.Debug|Any CPU.ActiveCfg = Debug|Any CPU
		{C3B26D6C-60A3-40A8-B8EB-BA3F602C2DEF}.Debug|Any CPU.Build.0 = Debug|Any CPU
		{C3B26D6C-60A3-40A8-B8EB-BA3F602C2DEF}.Release|Any CPU.ActiveCfg = Release|Any CPU
		{C3B26D6C-60A3-40A8-B8EB-BA3F602C2DEF}.Release|Any CPU.Build.0 = Release|Any CPU
	EndGlobalSection
	GlobalSection(SolutionProperties) = preSolution
		HideSolutionNode = FALSE
	EndGlobalSection
EndGlobal
