
Microsoft Visual Studio Solution File, Format Version 12.00
# Visual Studio 14
VisualStudioVersion = 14.0.25420.1
MinimumVisualStudioVersion = 10.0.40219.1
Project("{FAE04EC0-301F-11D3-BF4B-00C04F79EFBC}") = "01.Fibonacci", "01.Fibonacci\01.Fibonacci.csproj", "{7BE97295-9C8C-484A-A225-762F0655D48A}"
EndProject
Project("{FAE04EC0-301F-11D3-BF4B-00C04F79EFBC}") = "02.LongestIncreasingSubsequence", "LongestIncreasingSubsequence\02.LongestIncreasingSubsequence.csproj", "{B68EEC7D-EABF-44C5-AE20-0AE23E7036B1}"
EndProject
Project("{FAE04EC0-301F-11D3-BF4B-00C04F79EFBC}") = "03.MoveDownRight", "03.MoveDownRight\03.MoveDownRight.csproj", "{07399FC4-710A-46FC-9FC5-BDE0E0C81E3E}"
EndProject
Project("{FAE04EC0-301F-11D3-BF4B-00C04F79EFBC}") = "04.RodCutting", "04.RodCutting\04.RodCutting.csproj", "{B391318C-7D52-47AC-9C74-46010225F6A5}"
EndProject
Global
	GlobalSection(SolutionConfigurationPlatforms) = preSolution
		Debug|Any CPU = Debug|Any CPU
		Release|Any CPU = Release|Any CPU
	EndGlobalSection
	GlobalSection(ProjectConfigurationPlatforms) = postSolution
		{7BE97295-9C8C-484A-A225-762F0655D48A}.Debug|Any CPU.ActiveCfg = Debug|Any CPU
		{7BE97295-9C8C-484A-A225-762F0655D48A}.Debug|Any CPU.Build.0 = Debug|Any CPU
		{7BE97295-9C8C-484A-A225-762F0655D48A}.Release|Any CPU.ActiveCfg = Release|Any CPU
		{7BE97295-9C8C-484A-A225-762F0655D48A}.Release|Any CPU.Build.0 = Release|Any CPU
		{B68EEC7D-EABF-44C5-AE20-0AE23E7036B1}.Debug|Any CPU.ActiveCfg = Debug|Any CPU
		{B68EEC7D-EABF-44C5-AE20-0AE23E7036B1}.Debug|Any CPU.Build.0 = Debug|Any CPU
		{B68EEC7D-EABF-44C5-AE20-0AE23E7036B1}.Release|Any CPU.ActiveCfg = Release|Any CPU
		{B68EEC7D-EABF-44C5-AE20-0AE23E7036B1}.Release|Any CPU.Build.0 = Release|Any CPU
		{07399FC4-710A-46FC-9FC5-BDE0E0C81E3E}.Debug|Any CPU.ActiveCfg = Debug|Any CPU
		{07399FC4-710A-46FC-9FC5-BDE0E0C81E3E}.Debug|Any CPU.Build.0 = Debug|Any CPU
		{07399FC4-710A-46FC-9FC5-BDE0E0C81E3E}.Release|Any CPU.ActiveCfg = Release|Any CPU
		{07399FC4-710A-46FC-9FC5-BDE0E0C81E3E}.Release|Any CPU.Build.0 = Release|Any CPU
		{B391318C-7D52-47AC-9C74-46010225F6A5}.Debug|Any CPU.ActiveCfg = Debug|Any CPU
		{B391318C-7D52-47AC-9C74-46010225F6A5}.Debug|Any CPU.Build.0 = Debug|Any CPU
		{B391318C-7D52-47AC-9C74-46010225F6A5}.Release|Any CPU.ActiveCfg = Release|Any CPU
		{B391318C-7D52-47AC-9C74-46010225F6A5}.Release|Any CPU.Build.0 = Release|Any CPU
	EndGlobalSection
	GlobalSection(SolutionProperties) = preSolution
		HideSolutionNode = FALSE
	EndGlobalSection
EndGlobal
