
Microsoft Visual Studio Solution File, Format Version 12.00
# Visual Studio 14
VisualStudioVersion = 14.0.25420.1
MinimumVisualStudioVersion = 10.0.40219.1
Project("{FAE04EC0-301F-11D3-BF4B-00C04F79EFBC}") = "EntityFrameworkExercises", "EntityFrameworkExercises\EntityFrameworkExercises.csproj", "{3F28458E-6EC6-435A-8DFB-FF77F513A516}"
EndProject
Project("{FAE04EC0-301F-11D3-BF4B-00C04F79EFBC}") = "GringottsDb", "GringottsDb\GringottsDb.csproj", "{944A04A3-7973-4967-BDBF-66076CD24CB6}"
EndProject
Global
	GlobalSection(SolutionConfigurationPlatforms) = preSolution
		Debug|Any CPU = Debug|Any CPU
		Release|Any CPU = Release|Any CPU
	EndGlobalSection
	GlobalSection(ProjectConfigurationPlatforms) = postSolution
		{3F28458E-6EC6-435A-8DFB-FF77F513A516}.Debug|Any CPU.ActiveCfg = Debug|Any CPU
		{3F28458E-6EC6-435A-8DFB-FF77F513A516}.Debug|Any CPU.Build.0 = Debug|Any CPU
		{3F28458E-6EC6-435A-8DFB-FF77F513A516}.Release|Any CPU.ActiveCfg = Release|Any CPU
		{3F28458E-6EC6-435A-8DFB-FF77F513A516}.Release|Any CPU.Build.0 = Release|Any CPU
		{944A04A3-7973-4967-BDBF-66076CD24CB6}.Debug|Any CPU.ActiveCfg = Debug|Any CPU
		{944A04A3-7973-4967-BDBF-66076CD24CB6}.Debug|Any CPU.Build.0 = Debug|Any CPU
		{944A04A3-7973-4967-BDBF-66076CD24CB6}.Release|Any CPU.ActiveCfg = Release|Any CPU
		{944A04A3-7973-4967-BDBF-66076CD24CB6}.Release|Any CPU.Build.0 = Release|Any CPU
	EndGlobalSection
	GlobalSection(SolutionProperties) = preSolution
		HideSolutionNode = FALSE
	EndGlobalSection
EndGlobal
