
Microsoft Visual Studio Solution File, Format Version 12.00
# Visual Studio 14
VisualStudioVersion = 14.0.25420.1
MinimumVisualStudioVersion = 10.0.40219.1
Project("{FAE04EC0-301F-11D3-BF4B-00C04F79EFBC}") = "LinearStructuresExercises", "LinearStructuresExercises\LinearStructuresExercises.csproj", "{39EBB424-0519-41CA-91C3-F707CCE8BD16}"
EndProject
Project("{FAE04EC0-301F-11D3-BF4B-00C04F79EFBC}") = "SortWords", "SortWords\SortWords.csproj", "{5897433F-88BE-489B-A8C1-AD011D2437F1}"
EndProject
Project("{FAE04EC0-301F-11D3-BF4B-00C04F79EFBC}") = "LongestSubSequence", "LongestSubSequence\LongestSubSequence.csproj", "{52D8016A-39EB-4A4F-B415-794E5EECC2DF}"
EndProject
Project("{FAE04EC0-301F-11D3-BF4B-00C04F79EFBC}") = "RemoveOddOccurences", "RemoveOddOccurences\RemoveOddOccurences.csproj", "{300E8C4A-99C4-4D68-A778-8D330C9FE9AC}"
EndProject
Project("{FAE04EC0-301F-11D3-BF4B-00C04F79EFBC}") = "CoutOfOccurences", "CoutOfOccurences\CoutOfOccurences.csproj", "{F24BDB0D-7C71-4F61-8585-D24C53EFCE97}"
EndProject
Project("{FAE04EC0-301F-11D3-BF4B-00C04F79EFBC}") = "ReversedList", "ReversedList\ReversedList.csproj", "{B41A072F-5DD6-4B8A-8CBF-E62B83726815}"
EndProject
Global
	GlobalSection(SolutionConfigurationPlatforms) = preSolution
		Debug|Any CPU = Debug|Any CPU
		Release|Any CPU = Release|Any CPU
	EndGlobalSection
	GlobalSection(ProjectConfigurationPlatforms) = postSolution
		{39EBB424-0519-41CA-91C3-F707CCE8BD16}.Debug|Any CPU.ActiveCfg = Debug|Any CPU
		{39EBB424-0519-41CA-91C3-F707CCE8BD16}.Debug|Any CPU.Build.0 = Debug|Any CPU
		{39EBB424-0519-41CA-91C3-F707CCE8BD16}.Release|Any CPU.ActiveCfg = Release|Any CPU
		{39EBB424-0519-41CA-91C3-F707CCE8BD16}.Release|Any CPU.Build.0 = Release|Any CPU
		{5897433F-88BE-489B-A8C1-AD011D2437F1}.Debug|Any CPU.ActiveCfg = Debug|Any CPU
		{5897433F-88BE-489B-A8C1-AD011D2437F1}.Debug|Any CPU.Build.0 = Debug|Any CPU
		{5897433F-88BE-489B-A8C1-AD011D2437F1}.Release|Any CPU.ActiveCfg = Release|Any CPU
		{5897433F-88BE-489B-A8C1-AD011D2437F1}.Release|Any CPU.Build.0 = Release|Any CPU
		{52D8016A-39EB-4A4F-B415-794E5EECC2DF}.Debug|Any CPU.ActiveCfg = Debug|Any CPU
		{52D8016A-39EB-4A4F-B415-794E5EECC2DF}.Debug|Any CPU.Build.0 = Debug|Any CPU
		{52D8016A-39EB-4A4F-B415-794E5EECC2DF}.Release|Any CPU.ActiveCfg = Release|Any CPU
		{52D8016A-39EB-4A4F-B415-794E5EECC2DF}.Release|Any CPU.Build.0 = Release|Any CPU
		{300E8C4A-99C4-4D68-A778-8D330C9FE9AC}.Debug|Any CPU.ActiveCfg = Debug|Any CPU
		{300E8C4A-99C4-4D68-A778-8D330C9FE9AC}.Debug|Any CPU.Build.0 = Debug|Any CPU
		{300E8C4A-99C4-4D68-A778-8D330C9FE9AC}.Release|Any CPU.ActiveCfg = Release|Any CPU
		{300E8C4A-99C4-4D68-A778-8D330C9FE9AC}.Release|Any CPU.Build.0 = Release|Any CPU
		{F24BDB0D-7C71-4F61-8585-D24C53EFCE97}.Debug|Any CPU.ActiveCfg = Debug|Any CPU
		{F24BDB0D-7C71-4F61-8585-D24C53EFCE97}.Debug|Any CPU.Build.0 = Debug|Any CPU
		{F24BDB0D-7C71-4F61-8585-D24C53EFCE97}.Release|Any CPU.ActiveCfg = Release|Any CPU
		{F24BDB0D-7C71-4F61-8585-D24C53EFCE97}.Release|Any CPU.Build.0 = Release|Any CPU
		{B41A072F-5DD6-4B8A-8CBF-E62B83726815}.Debug|Any CPU.ActiveCfg = Debug|Any CPU
		{B41A072F-5DD6-4B8A-8CBF-E62B83726815}.Debug|Any CPU.Build.0 = Debug|Any CPU
		{B41A072F-5DD6-4B8A-8CBF-E62B83726815}.Release|Any CPU.ActiveCfg = Release|Any CPU
		{B41A072F-5DD6-4B8A-8CBF-E62B83726815}.Release|Any CPU.Build.0 = Release|Any CPU
	EndGlobalSection
	GlobalSection(SolutionProperties) = preSolution
		HideSolutionNode = FALSE
	EndGlobalSection
EndGlobal
