
Microsoft Visual Studio Solution File, Format Version 12.00
# Visual Studio 14
VisualStudioVersion = 14.0.24720.0
MinimumVisualStudioVersion = 10.0.40219.1
Project("{FAE04EC0-301F-11D3-BF4B-00C04F79EFBC}") = "Problem01", "Problem01\Problem01.csproj", "{0975B56E-5563-4B77-99CF-20AF0717CE23}"
EndProject
Project("{FAE04EC0-301F-11D3-BF4B-00C04F79EFBC}") = "Problem02", "Problem02\Problem02.csproj", "{51E9D6ED-D6F4-470D-859B-DF5BAC2E0D6C}"
EndProject
Project("{FAE04EC0-301F-11D3-BF4B-00C04F79EFBC}") = "Problem03", "Problem03\Problem03.csproj", "{13EB2BF8-E6DE-44C6-8DEC-F509E0000B7F}"
EndProject
Project("{FAE04EC0-301F-11D3-BF4B-00C04F79EFBC}") = "Problem04", "Problem04\Problem04.csproj", "{5B5E7735-7D15-45EC-8863-B5A489A30FB6}"
EndProject
Global
	GlobalSection(SolutionConfigurationPlatforms) = preSolution
		Debug|Any CPU = Debug|Any CPU
		Release|Any CPU = Release|Any CPU
	EndGlobalSection
	GlobalSection(ProjectConfigurationPlatforms) = postSolution
		{0975B56E-5563-4B77-99CF-20AF0717CE23}.Debug|Any CPU.ActiveCfg = Debug|Any CPU
		{0975B56E-5563-4B77-99CF-20AF0717CE23}.Debug|Any CPU.Build.0 = Debug|Any CPU
		{0975B56E-5563-4B77-99CF-20AF0717CE23}.Release|Any CPU.ActiveCfg = Release|Any CPU
		{0975B56E-5563-4B77-99CF-20AF0717CE23}.Release|Any CPU.Build.0 = Release|Any CPU
		{51E9D6ED-D6F4-470D-859B-DF5BAC2E0D6C}.Debug|Any CPU.ActiveCfg = Debug|Any CPU
		{51E9D6ED-D6F4-470D-859B-DF5BAC2E0D6C}.Debug|Any CPU.Build.0 = Debug|Any CPU
		{51E9D6ED-D6F4-470D-859B-DF5BAC2E0D6C}.Release|Any CPU.ActiveCfg = Release|Any CPU
		{51E9D6ED-D6F4-470D-859B-DF5BAC2E0D6C}.Release|Any CPU.Build.0 = Release|Any CPU
		{13EB2BF8-E6DE-44C6-8DEC-F509E0000B7F}.Debug|Any CPU.ActiveCfg = Debug|Any CPU
		{13EB2BF8-E6DE-44C6-8DEC-F509E0000B7F}.Debug|Any CPU.Build.0 = Debug|Any CPU
		{13EB2BF8-E6DE-44C6-8DEC-F509E0000B7F}.Release|Any CPU.ActiveCfg = Release|Any CPU
		{13EB2BF8-E6DE-44C6-8DEC-F509E0000B7F}.Release|Any CPU.Build.0 = Release|Any CPU
		{5B5E7735-7D15-45EC-8863-B5A489A30FB6}.Debug|Any CPU.ActiveCfg = Debug|Any CPU
		{5B5E7735-7D15-45EC-8863-B5A489A30FB6}.Debug|Any CPU.Build.0 = Debug|Any CPU
		{5B5E7735-7D15-45EC-8863-B5A489A30FB6}.Release|Any CPU.ActiveCfg = Release|Any CPU
		{5B5E7735-7D15-45EC-8863-B5A489A30FB6}.Release|Any CPU.Build.0 = Release|Any CPU
	EndGlobalSection
	GlobalSection(SolutionProperties) = preSolution
		HideSolutionNode = FALSE
	EndGlobalSection
EndGlobal
