
Microsoft Visual Studio Solution File, Format Version 12.00
# Visual Studio 14
VisualStudioVersion = 14.0.25420.1
MinimumVisualStudioVersion = 10.0.40219.1
Project("{FAE04EC0-301F-11D3-BF4B-00C04F79EFBC}") = "Querying", "Querying\Querying.csproj", "{1BD3FC04-8B54-45B7-B8A4-F3B9348157BD}"
EndProject
Project("{FAE04EC0-301F-11D3-BF4B-00C04F79EFBC}") = "EmployeesMaximumSalaries", "EmployeesMaximumSalaries\EmployeesMaximumSalaries.csproj", "{C4AABD8C-E889-45B7-862A-96611651B318}"
EndProject
Project("{FAE04EC0-301F-11D3-BF4B-00C04F79EFBC}") = "OllivanderFamily", "OllivanderFamily\OllivanderFamily.csproj", "{2047D337-683F-4B94-93C0-F9E0A0C24C99}"
EndProject
Global
	GlobalSection(SolutionConfigurationPlatforms) = preSolution
		Debug|Any CPU = Debug|Any CPU
		Release|Any CPU = Release|Any CPU
	EndGlobalSection
	GlobalSection(ProjectConfigurationPlatforms) = postSolution
		{1BD3FC04-8B54-45B7-B8A4-F3B9348157BD}.Debug|Any CPU.ActiveCfg = Debug|Any CPU
		{1BD3FC04-8B54-45B7-B8A4-F3B9348157BD}.Debug|Any CPU.Build.0 = Debug|Any CPU
		{1BD3FC04-8B54-45B7-B8A4-F3B9348157BD}.Release|Any CPU.ActiveCfg = Release|Any CPU
		{1BD3FC04-8B54-45B7-B8A4-F3B9348157BD}.Release|Any CPU.Build.0 = Release|Any CPU
		{C4AABD8C-E889-45B7-862A-96611651B318}.Debug|Any CPU.ActiveCfg = Debug|Any CPU
		{C4AABD8C-E889-45B7-862A-96611651B318}.Debug|Any CPU.Build.0 = Debug|Any CPU
		{C4AABD8C-E889-45B7-862A-96611651B318}.Release|Any CPU.ActiveCfg = Release|Any CPU
		{C4AABD8C-E889-45B7-862A-96611651B318}.Release|Any CPU.Build.0 = Release|Any CPU
		{2047D337-683F-4B94-93C0-F9E0A0C24C99}.Debug|Any CPU.ActiveCfg = Debug|Any CPU
		{2047D337-683F-4B94-93C0-F9E0A0C24C99}.Debug|Any CPU.Build.0 = Debug|Any CPU
		{2047D337-683F-4B94-93C0-F9E0A0C24C99}.Release|Any CPU.ActiveCfg = Release|Any CPU
		{2047D337-683F-4B94-93C0-F9E0A0C24C99}.Release|Any CPU.Build.0 = Release|Any CPU
	EndGlobalSection
	GlobalSection(SolutionProperties) = preSolution
		HideSolutionNode = FALSE
	EndGlobalSection
EndGlobal
