
Microsoft Visual Studio Solution File, Format Version 12.00
# Visual Studio 14
VisualStudioVersion = 14.0.25420.1
MinimumVisualStudioVersion = 10.0.40219.1
Project("{FAE04EC0-301F-11D3-BF4B-00C04F79EFBC}") = "01.FractionalKnapsack", "01.FractionalKnapsack\01.FractionalKnapsack.csproj", "{E3B0CC2F-A3E0-4658-A031-2808F5C3949A}"
EndProject
Project("{FAE04EC0-301F-11D3-BF4B-00C04F79EFBC}") = "02.ProcessorScheduling", "02.ProcessorScheduling\02.ProcessorScheduling.csproj", "{924451B0-D1F1-405F-8F6D-D12A34828FD2}"
EndProject
Project("{FAE04EC0-301F-11D3-BF4B-00C04F79EFBC}") = "05.EgyptianFractions", "05.EgyptianFractions\05.EgyptianFractions.csproj", "{A44478FB-C6AB-42F3-910F-7F0B11804385}"
EndProject
Project("{FAE04EC0-301F-11D3-BF4B-00C04F79EFBC}") = "03.KnightsTour", "03.KnightsTour\03.KnightsTour.csproj", "{30D92BA3-A6B6-4B72-A0D9-5DD53FE7CDDC}"
EndProject
Project("{FAE04EC0-301F-11D3-BF4B-00C04F79EFBC}") = "04.BestLecturesSchedule", "04.BestLecturesSchedule\04.BestLecturesSchedule.csproj", "{D7F1B6C4-73EB-4A6F-8585-EEEE9DB6343C}"
EndProject
Global
	GlobalSection(SolutionConfigurationPlatforms) = preSolution
		Debug|Any CPU = Debug|Any CPU
		Release|Any CPU = Release|Any CPU
	EndGlobalSection
	GlobalSection(ProjectConfigurationPlatforms) = postSolution
		{E3B0CC2F-A3E0-4658-A031-2808F5C3949A}.Debug|Any CPU.ActiveCfg = Debug|Any CPU
		{E3B0CC2F-A3E0-4658-A031-2808F5C3949A}.Debug|Any CPU.Build.0 = Debug|Any CPU
		{E3B0CC2F-A3E0-4658-A031-2808F5C3949A}.Release|Any CPU.ActiveCfg = Release|Any CPU
		{E3B0CC2F-A3E0-4658-A031-2808F5C3949A}.Release|Any CPU.Build.0 = Release|Any CPU
		{924451B0-D1F1-405F-8F6D-D12A34828FD2}.Debug|Any CPU.ActiveCfg = Debug|Any CPU
		{924451B0-D1F1-405F-8F6D-D12A34828FD2}.Debug|Any CPU.Build.0 = Debug|Any CPU
		{924451B0-D1F1-405F-8F6D-D12A34828FD2}.Release|Any CPU.ActiveCfg = Release|Any CPU
		{924451B0-D1F1-405F-8F6D-D12A34828FD2}.Release|Any CPU.Build.0 = Release|Any CPU
		{A44478FB-C6AB-42F3-910F-7F0B11804385}.Debug|Any CPU.ActiveCfg = Debug|Any CPU
		{A44478FB-C6AB-42F3-910F-7F0B11804385}.Debug|Any CPU.Build.0 = Debug|Any CPU
		{A44478FB-C6AB-42F3-910F-7F0B11804385}.Release|Any CPU.ActiveCfg = Release|Any CPU
		{A44478FB-C6AB-42F3-910F-7F0B11804385}.Release|Any CPU.Build.0 = Release|Any CPU
		{30D92BA3-A6B6-4B72-A0D9-5DD53FE7CDDC}.Debug|Any CPU.ActiveCfg = Debug|Any CPU
		{30D92BA3-A6B6-4B72-A0D9-5DD53FE7CDDC}.Debug|Any CPU.Build.0 = Debug|Any CPU
		{30D92BA3-A6B6-4B72-A0D9-5DD53FE7CDDC}.Release|Any CPU.ActiveCfg = Release|Any CPU
		{30D92BA3-A6B6-4B72-A0D9-5DD53FE7CDDC}.Release|Any CPU.Build.0 = Release|Any CPU
		{D7F1B6C4-73EB-4A6F-8585-EEEE9DB6343C}.Debug|Any CPU.ActiveCfg = Debug|Any CPU
		{D7F1B6C4-73EB-4A6F-8585-EEEE9DB6343C}.Debug|Any CPU.Build.0 = Debug|Any CPU
		{D7F1B6C4-73EB-4A6F-8585-EEEE9DB6343C}.Release|Any CPU.ActiveCfg = Release|Any CPU
		{D7F1B6C4-73EB-4A6F-8585-EEEE9DB6343C}.Release|Any CPU.Build.0 = Release|Any CPU
	EndGlobalSection
	GlobalSection(SolutionProperties) = preSolution
		HideSolutionNode = FALSE
	EndGlobalSection
EndGlobal
