
Microsoft Visual Studio Solution File, Format Version 12.00
# Visual Studio 14
VisualStudioVersion = 14.0.24720.0
MinimumVisualStudioVersion = 10.0.40219.1
Project("{FAE04EC0-301F-11D3-BF4B-00C04F79EFBC}") = "DebugTheCode", "DebugTheCode\DebugTheCode.csproj", "{309AED89-A30C-4A2C-B16A-F73B5093D5F0}"
EndProject
Project("{FAE04EC0-301F-11D3-BF4B-00C04F79EFBC}") = "DoublePalindromes", "DoublePalindromes\DoublePalindromes.csproj", "{84584E72-084F-4F78-A35F-DDD4F605181E}"
EndProject
Global
	GlobalSection(SolutionConfigurationPlatforms) = preSolution
		Debug|Any CPU = Debug|Any CPU
		Release|Any CPU = Release|Any CPU
	EndGlobalSection
	GlobalSection(ProjectConfigurationPlatforms) = postSolution
		{309AED89-A30C-4A2C-B16A-F73B5093D5F0}.Debug|Any CPU.ActiveCfg = Debug|Any CPU
		{309AED89-A30C-4A2C-B16A-F73B5093D5F0}.Debug|Any CPU.Build.0 = Debug|Any CPU
		{309AED89-A30C-4A2C-B16A-F73B5093D5F0}.Release|Any CPU.ActiveCfg = Release|Any CPU
		{309AED89-A30C-4A2C-B16A-F73B5093D5F0}.Release|Any CPU.Build.0 = Release|Any CPU
		{84584E72-084F-4F78-A35F-DDD4F605181E}.Debug|Any CPU.ActiveCfg = Debug|Any CPU
		{84584E72-084F-4F78-A35F-DDD4F605181E}.Debug|Any CPU.Build.0 = Debug|Any CPU
		{84584E72-084F-4F78-A35F-DDD4F605181E}.Release|Any CPU.ActiveCfg = Release|Any CPU
		{84584E72-084F-4F78-A35F-DDD4F605181E}.Release|Any CPU.Build.0 = Release|Any CPU
	EndGlobalSection
	GlobalSection(SolutionProperties) = preSolution
		HideSolutionNode = FALSE
	EndGlobalSection
EndGlobal
