
Microsoft Visual Studio Solution File, Format Version 12.00
# Visual Studio 15
VisualStudioVersion = 15.0.26430.13
MinimumVisualStudioVersion = 10.0.40219.1
Project("{FAE04EC0-301F-11D3-BF4B-00C04F79EFBC}") = "ReverseNumbersWithAStack", "ReverseNumbersWithAStack\ReverseNumbersWithAStack.csproj", "{45290F32-C614-4D57-B348-3866CE2AD622}"
EndProject
Project("{FAE04EC0-301F-11D3-BF4B-00C04F79EFBC}") = "CalculateSequenceWithQueue", "CalculateSequenceWithQueue\CalculateSequenceWithQueue.csproj", "{6977C289-2AC8-4DAE-89A6-2ED075553987}"
EndProject
Project("{FAE04EC0-301F-11D3-BF4B-00C04F79EFBC}") = "SequenceNtoM", "SequenceNtoM\SequenceNtoM.csproj", "{3D1BD230-FAF1-4E48-A7E4-A51440FE0128}"
EndProject
Project("{FAE04EC0-301F-11D3-BF4B-00C04F79EFBC}") = "ArrayStack", "ArrayStack\ArrayStack.csproj", "{6BFE64C7-5B68-48D4-BFED-50598BB530F2}"
EndProject
Project("{FAE04EC0-301F-11D3-BF4B-00C04F79EFBC}") = "LinkedStack", "LinkedStack\LinkedStack.csproj", "{1CBE7FBD-1671-4BE6-BC86-550852659C17}"
EndProject
Project("{FAE04EC0-301F-11D3-BF4B-00C04F79EFBC}") = "LinkedQueue", "LinkedQueue\LinkedQueue.csproj", "{108AFC94-4F49-4080-823F-EE4D3BD8F713}"
EndProject
Global
	GlobalSection(SolutionConfigurationPlatforms) = preSolution
		Debug|Any CPU = Debug|Any CPU
		Release|Any CPU = Release|Any CPU
	EndGlobalSection
	GlobalSection(ProjectConfigurationPlatforms) = postSolution
		{45290F32-C614-4D57-B348-3866CE2AD622}.Debug|Any CPU.ActiveCfg = Debug|Any CPU
		{45290F32-C614-4D57-B348-3866CE2AD622}.Debug|Any CPU.Build.0 = Debug|Any CPU
		{45290F32-C614-4D57-B348-3866CE2AD622}.Release|Any CPU.ActiveCfg = Release|Any CPU
		{45290F32-C614-4D57-B348-3866CE2AD622}.Release|Any CPU.Build.0 = Release|Any CPU
		{6977C289-2AC8-4DAE-89A6-2ED075553987}.Debug|Any CPU.ActiveCfg = Debug|Any CPU
		{6977C289-2AC8-4DAE-89A6-2ED075553987}.Debug|Any CPU.Build.0 = Debug|Any CPU
		{6977C289-2AC8-4DAE-89A6-2ED075553987}.Release|Any CPU.ActiveCfg = Release|Any CPU
		{6977C289-2AC8-4DAE-89A6-2ED075553987}.Release|Any CPU.Build.0 = Release|Any CPU
		{3D1BD230-FAF1-4E48-A7E4-A51440FE0128}.Debug|Any CPU.ActiveCfg = Debug|Any CPU
		{3D1BD230-FAF1-4E48-A7E4-A51440FE0128}.Debug|Any CPU.Build.0 = Debug|Any CPU
		{3D1BD230-FAF1-4E48-A7E4-A51440FE0128}.Release|Any CPU.ActiveCfg = Release|Any CPU
		{3D1BD230-FAF1-4E48-A7E4-A51440FE0128}.Release|Any CPU.Build.0 = Release|Any CPU
		{6BFE64C7-5B68-48D4-BFED-50598BB530F2}.Debug|Any CPU.ActiveCfg = Debug|Any CPU
		{6BFE64C7-5B68-48D4-BFED-50598BB530F2}.Debug|Any CPU.Build.0 = Debug|Any CPU
		{6BFE64C7-5B68-48D4-BFED-50598BB530F2}.Release|Any CPU.ActiveCfg = Release|Any CPU
		{6BFE64C7-5B68-48D4-BFED-50598BB530F2}.Release|Any CPU.Build.0 = Release|Any CPU
		{1CBE7FBD-1671-4BE6-BC86-550852659C17}.Debug|Any CPU.ActiveCfg = Debug|Any CPU
		{1CBE7FBD-1671-4BE6-BC86-550852659C17}.Debug|Any CPU.Build.0 = Debug|Any CPU
		{1CBE7FBD-1671-4BE6-BC86-550852659C17}.Release|Any CPU.ActiveCfg = Release|Any CPU
		{1CBE7FBD-1671-4BE6-BC86-550852659C17}.Release|Any CPU.Build.0 = Release|Any CPU
		{108AFC94-4F49-4080-823F-EE4D3BD8F713}.Debug|Any CPU.ActiveCfg = Debug|Any CPU
		{108AFC94-4F49-4080-823F-EE4D3BD8F713}.Debug|Any CPU.Build.0 = Debug|Any CPU
		{108AFC94-4F49-4080-823F-EE4D3BD8F713}.Release|Any CPU.ActiveCfg = Release|Any CPU
		{108AFC94-4F49-4080-823F-EE4D3BD8F713}.Release|Any CPU.Build.0 = Release|Any CPU
	EndGlobalSection
	GlobalSection(SolutionProperties) = preSolution
		HideSolutionNode = FALSE
	EndGlobalSection
EndGlobal
