
Microsoft Visual Studio Solution File, Format Version 12.00
# Visual Studio 14
VisualStudioVersion = 14.0.25420.1
MinimumVisualStudioVersion = 10.0.40219.1
Project("{FAE04EC0-301F-11D3-BF4B-00C04F79EFBC}") = "SimpleMapping", "SimpleMapping\SimpleMapping.csproj", "{368CECEA-7030-4CA9-BEED-5A7B6DF606E0}"
EndProject
Project("{FAE04EC0-301F-11D3-BF4B-00C04F79EFBC}") = "AdvancedMapping", "AdvancedMapping\AdvancedMapping.csproj", "{D38A0326-BBB5-4438-9E82-63FC9FF658C0}"
EndProject
Global
	GlobalSection(SolutionConfigurationPlatforms) = preSolution
		Debug|Any CPU = Debug|Any CPU
		Release|Any CPU = Release|Any CPU
	EndGlobalSection
	GlobalSection(ProjectConfigurationPlatforms) = postSolution
		{368CECEA-7030-4CA9-BEED-5A7B6DF606E0}.Debug|Any CPU.ActiveCfg = Debug|Any CPU
		{368CECEA-7030-4CA9-BEED-5A7B6DF606E0}.Debug|Any CPU.Build.0 = Debug|Any CPU
		{368CECEA-7030-4CA9-BEED-5A7B6DF606E0}.Release|Any CPU.ActiveCfg = Release|Any CPU
		{368CECEA-7030-4CA9-BEED-5A7B6DF606E0}.Release|Any CPU.Build.0 = Release|Any CPU
		{D38A0326-BBB5-4438-9E82-63FC9FF658C0}.Debug|Any CPU.ActiveCfg = Debug|Any CPU
		{D38A0326-BBB5-4438-9E82-63FC9FF658C0}.Debug|Any CPU.Build.0 = Debug|Any CPU
		{D38A0326-BBB5-4438-9E82-63FC9FF658C0}.Release|Any CPU.ActiveCfg = Release|Any CPU
		{D38A0326-BBB5-4438-9E82-63FC9FF658C0}.Release|Any CPU.Build.0 = Release|Any CPU
	EndGlobalSection
	GlobalSection(SolutionProperties) = preSolution
		HideSolutionNode = FALSE
	EndGlobalSection
EndGlobal
