
Microsoft Visual Studio Solution File, Format Version 12.00
# Visual Studio 14
VisualStudioVersion = 14.0.25420.1
MinimumVisualStudioVersion = 10.0.40219.1
Project("{FAE04EC0-301F-11D3-BF4B-00C04F79EFBC}") = "GringottsDataBase", "GringottsDataBase\GringottsDataBase.csproj", "{2304D29B-EFF2-4551-8A33-4DCC91D911A9}"
EndProject
Project("{FAE04EC0-301F-11D3-BF4B-00C04F79EFBC}") = "HotelDatabase", "HotelDatabase\HotelDatabase.csproj", "{64E4F6C4-89FB-40B3-A17B-C1B9CBF6859E}"
EndProject
Project("{FAE04EC0-301F-11D3-BF4B-00C04F79EFBC}") = "SalesDataBase", "SalesDataBase\SalesDataBase.csproj", "{A475C07D-90A7-4334-9005-614E555E5BCB}"
EndProject
Project("{FAE04EC0-301F-11D3-BF4B-00C04F79EFBC}") = "HospitalDataBase", "HospitalDataBase\HospitalDataBase.csproj", "{2CD82139-CD5F-4C52-970B-07C7B5008A83}"
EndProject
Global
	GlobalSection(SolutionConfigurationPlatforms) = preSolution
		Debug|Any CPU = Debug|Any CPU
		Release|Any CPU = Release|Any CPU
	EndGlobalSection
	GlobalSection(ProjectConfigurationPlatforms) = postSolution
		{2304D29B-EFF2-4551-8A33-4DCC91D911A9}.Debug|Any CPU.ActiveCfg = Debug|Any CPU
		{2304D29B-EFF2-4551-8A33-4DCC91D911A9}.Debug|Any CPU.Build.0 = Debug|Any CPU
		{2304D29B-EFF2-4551-8A33-4DCC91D911A9}.Release|Any CPU.ActiveCfg = Release|Any CPU
		{2304D29B-EFF2-4551-8A33-4DCC91D911A9}.Release|Any CPU.Build.0 = Release|Any CPU
		{64E4F6C4-89FB-40B3-A17B-C1B9CBF6859E}.Debug|Any CPU.ActiveCfg = Debug|Any CPU
		{64E4F6C4-89FB-40B3-A17B-C1B9CBF6859E}.Debug|Any CPU.Build.0 = Debug|Any CPU
		{64E4F6C4-89FB-40B3-A17B-C1B9CBF6859E}.Release|Any CPU.ActiveCfg = Release|Any CPU
		{64E4F6C4-89FB-40B3-A17B-C1B9CBF6859E}.Release|Any CPU.Build.0 = Release|Any CPU
		{A475C07D-90A7-4334-9005-614E555E5BCB}.Debug|Any CPU.ActiveCfg = Debug|Any CPU
		{A475C07D-90A7-4334-9005-614E555E5BCB}.Debug|Any CPU.Build.0 = Debug|Any CPU
		{A475C07D-90A7-4334-9005-614E555E5BCB}.Release|Any CPU.ActiveCfg = Release|Any CPU
		{A475C07D-90A7-4334-9005-614E555E5BCB}.Release|Any CPU.Build.0 = Release|Any CPU
		{2CD82139-CD5F-4C52-970B-07C7B5008A83}.Debug|Any CPU.ActiveCfg = Debug|Any CPU
		{2CD82139-CD5F-4C52-970B-07C7B5008A83}.Debug|Any CPU.Build.0 = Debug|Any CPU
		{2CD82139-CD5F-4C52-970B-07C7B5008A83}.Release|Any CPU.ActiveCfg = Release|Any CPU
		{2CD82139-CD5F-4C52-970B-07C7B5008A83}.Release|Any CPU.Build.0 = Release|Any CPU
	EndGlobalSection
	GlobalSection(SolutionProperties) = preSolution
		HideSolutionNode = FALSE
	EndGlobalSection
EndGlobal
