
Microsoft Visual Studio Solution File, Format Version 12.00
# Visual Studio 14
VisualStudioVersion = 14.0.24720.0
MinimumVisualStudioVersion = 10.0.40219.1
Project("{FAE04EC0-301F-11D3-BF4B-00C04F79EFBC}") = "AirConditioner", "BigMani\AirConditioner.csproj", "{6F364073-495F-4503-93ED-DBE74E6BF918}"
EndProject
Project("{FAE04EC0-301F-11D3-BF4B-00C04F79EFBC}") = "TestAirConditioner", "TestAirConditioner\TestAirConditioner.csproj", "{30E3A4C1-FE4C-4732-A90C-440E0112D2B3}"
EndProject
Global
	GlobalSection(SolutionConfigurationPlatforms) = preSolution
		Debug|Any CPU = Debug|Any CPU
		Release|Any CPU = Release|Any CPU
	EndGlobalSection
	GlobalSection(ProjectConfigurationPlatforms) = postSolution
		{6F364073-495F-4503-93ED-DBE74E6BF918}.Debug|Any CPU.ActiveCfg = Debug|Any CPU
		{6F364073-495F-4503-93ED-DBE74E6BF918}.Debug|Any CPU.Build.0 = Debug|Any CPU
		{6F364073-495F-4503-93ED-DBE74E6BF918}.Release|Any CPU.ActiveCfg = Release|Any CPU
		{6F364073-495F-4503-93ED-DBE74E6BF918}.Release|Any CPU.Build.0 = Release|Any CPU
		{30E3A4C1-FE4C-4732-A90C-440E0112D2B3}.Debug|Any CPU.ActiveCfg = Debug|Any CPU
		{30E3A4C1-FE4C-4732-A90C-440E0112D2B3}.Debug|Any CPU.Build.0 = Debug|Any CPU
		{30E3A4C1-FE4C-4732-A90C-440E0112D2B3}.Release|Any CPU.ActiveCfg = Release|Any CPU
		{30E3A4C1-FE4C-4732-A90C-440E0112D2B3}.Release|Any CPU.Build.0 = Release|Any CPU
	EndGlobalSection
	GlobalSection(SolutionProperties) = preSolution
		HideSolutionNode = FALSE
	EndGlobalSection
EndGlobal
